// !$*UTF8*$!
{
	archiveVersion = 1;
	classes = {
	};
	objectVersion = 56;
	objects = {

/* Begin PBXBuildFile section */
		1D368528299190290026959E /* MostShared.storyboard in Resources */ = {isa = PBXBuildFile; fileRef = 1D368527299190290026959E /* MostShared.storyboard */; };
		1D36852C2991947C0026959E /* MostSharedViewModel.swift in Sources */ = {isa = PBXBuildFile; fileRef = 1D36852B2991947C0026959E /* MostSharedViewModel.swift */; };
		1D36852E299194BB0026959E /* MostEmailedViewModel.swift in Sources */ = {isa = PBXBuildFile; fileRef = 1D36852D299194BB0026959E /* MostEmailedViewModel.swift */; };
		1D368530299194F40026959E /* MostViewedViewModel.swift in Sources */ = {isa = PBXBuildFile; fileRef = 1D36852F299194F40026959E /* MostViewedViewModel.swift */; };
		1D368532299195290026959E /* MostViewedArticleModel.swift in Sources */ = {isa = PBXBuildFile; fileRef = 1D368531299195290026959E /* MostViewedArticleModel.swift */; };
		1D368534299195A10026959E /* MostSharedArticleModel.swift in Sources */ = {isa = PBXBuildFile; fileRef = 1D368533299195A10026959E /* MostSharedArticleModel.swift */; };
		1D368536299195EE0026959E /* MostEmailedArticleModel.swift in Sources */ = {isa = PBXBuildFile; fileRef = 1D368535299195EE0026959E /* MostEmailedArticleModel.swift */; };
		1D36853B29919A8B0026959E /* MostEmailedTableViewController.swift in Sources */ = {isa = PBXBuildFile; fileRef = 1D36853A29919A8B0026959E /* MostEmailedTableViewController.swift */; };
		1D36853D29919ADC0026959E /* MostSharedTableViewController.swift in Sources */ = {isa = PBXBuildFile; fileRef = 1D36853C29919ADC0026959E /* MostSharedTableViewController.swift */; };
		1D36853F29919B020026959E /* MostViewedTableViewController.swift in Sources */ = {isa = PBXBuildFile; fileRef = 1D36853E29919B020026959E /* MostViewedTableViewController.swift */; };
		1D3685472991A81A0026959E /* ArticleTableViewCell.swift in Sources */ = {isa = PBXBuildFile; fileRef = 1D3685452991A81A0026959E /* ArticleTableViewCell.swift */; };
		1D3685482991A81A0026959E /* ArticleTableViewCell.xib in Resources */ = {isa = PBXBuildFile; fileRef = 1D3685462991A81A0026959E /* ArticleTableViewCell.xib */; };
		1D36854A2991B0110026959E /* MostEmailedArticleService.swift in Sources */ = {isa = PBXBuildFile; fileRef = 1D3685492991B0110026959E /* MostEmailedArticleService.swift */; };
		1D36854C2991B0D90026959E /* MostSharedArticleService.swift in Sources */ = {isa = PBXBuildFile; fileRef = 1D36854B2991B0D90026959E /* MostSharedArticleService.swift */; };
		1D36854E2991B17E0026959E /* MostViewedArticleService.swift in Sources */ = {isa = PBXBuildFile; fileRef = 1D36854D2991B17E0026959E /* MostViewedArticleService.swift */; };
		1D3685502991B4B20026959E /* MostEmailedCacheService.swift in Sources */ = {isa = PBXBuildFile; fileRef = 1D36854F2991B4B20026959E /* MostEmailedCacheService.swift */; };
		1D3685522991B4DF0026959E /* MostSharedCacheService.swift in Sources */ = {isa = PBXBuildFile; fileRef = 1D3685512991B4DF0026959E /* MostSharedCacheService.swift */; };
		1D3685542991B52A0026959E /* MostViewedCacheService.swift in Sources */ = {isa = PBXBuildFile; fileRef = 1D3685532991B52A0026959E /* MostViewedCacheService.swift */; };
		1D368559299282A80026959E /* LoadingTableViewCell.xib in Resources */ = {isa = PBXBuildFile; fileRef = 1D368558299282A80026959E /* LoadingTableViewCell.xib */; };
		1D36855D29928B3F0026959E /* MostEmailedArticleResponse.swift in Sources */ = {isa = PBXBuildFile; fileRef = 1D36855C29928B3F0026959E /* MostEmailedArticleResponse.swift */; };
		1D36855F299290A70026959E /* MostSharedArticleResponse.swift in Sources */ = {isa = PBXBuildFile; fileRef = 1D36855E299290A70026959E /* MostSharedArticleResponse.swift */; };
		1D3685612992960C0026959E /* MostViewedArticleResponse.swift in Sources */ = {isa = PBXBuildFile; fileRef = 1D3685602992960C0026959E /* MostViewedArticleResponse.swift */; };
		1D3685642992A1240026959E /* FavouriteArticles.storyboard in Resources */ = {isa = PBXBuildFile; fileRef = 1D3685632992A1240026959E /* FavouriteArticles.storyboard */; };
		1D3685662992A1A90026959E /* FavouritesTableViewController.swift in Sources */ = {isa = PBXBuildFile; fileRef = 1D3685652992A1A90026959E /* FavouritesTableViewController.swift */; };
		1D3685682992A3970026959E /* FavouriteArticlesViewModel.swift in Sources */ = {isa = PBXBuildFile; fileRef = 1D3685672992A3970026959E /* FavouriteArticlesViewModel.swift */; };
		1D36856A2992A3DB0026959E /* FavouriteArticlesModel.swift in Sources */ = {isa = PBXBuildFile; fileRef = 1D3685692992A3DB0026959E /* FavouriteArticlesModel.swift */; };
		1D36856C2992A98D0026959E /* EmptyTableViewCell.xib in Resources */ = {isa = PBXBuildFile; fileRef = 1D36856B2992A98D0026959E /* EmptyTableViewCell.xib */; };
		1D36856E2992AE170026959E /* MostEmailedDetailViewController.swift in Sources */ = {isa = PBXBuildFile; fileRef = 1D36856D2992AE170026959E /* MostEmailedDetailViewController.swift */; };
		1D3685712992CD2C0026959E /* MostEmailedDetailViewModel.swift in Sources */ = {isa = PBXBuildFile; fileRef = 1D3685702992CD2C0026959E /* MostEmailedDetailViewModel.swift */; };
		1D3685762993DD6A0026959E /* MostSharedDetailViewController.swift in Sources */ = {isa = PBXBuildFile; fileRef = 1D3685752993DD6A0026959E /* MostSharedDetailViewController.swift */; };
		1D3685782993DD810026959E /* MostSharedDetailViewModel.swift in Sources */ = {isa = PBXBuildFile; fileRef = 1D3685772993DD810026959E /* MostSharedDetailViewModel.swift */; };
		1D36857B2993E1330026959E /* MostViewedDetailViewController.swift in Sources */ = {isa = PBXBuildFile; fileRef = 1D36857A2993E1330026959E /* MostViewedDetailViewController.swift */; };
		1D36857D2993E1460026959E /* MostViewedDetailViewModel.swift in Sources */ = {isa = PBXBuildFile; fileRef = 1D36857C2993E1460026959E /* MostViewedDetailViewModel.swift */; };
		1D5B21BF2991756300D842EF /* AppDelegate.swift in Sources */ = {isa = PBXBuildFile; fileRef = 1D5B21BE2991756300D842EF /* AppDelegate.swift */; };
		1D5B21C12991756300D842EF /* SceneDelegate.swift in Sources */ = {isa = PBXBuildFile; fileRef = 1D5B21C02991756300D842EF /* SceneDelegate.swift */; };
		1D5B21C62991756300D842EF /* MostEmailed.storyboard in Resources */ = {isa = PBXBuildFile; fileRef = 1D5B21C42991756300D842EF /* MostEmailed.storyboard */; };
		1D5B21C92991756300D842EF /* NYTimesAPI.xcdatamodeld in Sources */ = {isa = PBXBuildFile; fileRef = 1D5B21C72991756300D842EF /* NYTimesAPI.xcdatamodeld */; };
		1D5B21CB2991756400D842EF /* Assets.xcassets in Resources */ = {isa = PBXBuildFile; fileRef = 1D5B21CA2991756400D842EF /* Assets.xcassets */; };
		1D5B21D82991765500D842EF /* MostViewed.storyboard in Resources */ = {isa = PBXBuildFile; fileRef = 1D5B21D72991765500D842EF /* MostViewed.storyboard */; };
		C515F92324A9CB9AE309D795 /* Pods_NYTimesAPI.framework in Frameworks */ = {isa = PBXBuildFile; fileRef = A707699D7E00ABB454A56E77 /* Pods_NYTimesAPI.framework */; };
/* End PBXBuildFile section */

/* Begin PBXFileReference section */
		1D368527299190290026959E /* MostShared.storyboard */ = {isa = PBXFileReference; fileEncoding = 4; lastKnownFileType = file.storyboard; path = MostShared.storyboard; sourceTree = "<group>"; };
		1D36852B2991947C0026959E /* MostSharedViewModel.swift */ = {isa = PBXFileReference; lastKnownFileType = sourcecode.swift; path = MostSharedViewModel.swift; sourceTree = "<group>"; };
		1D36852D299194BB0026959E /* MostEmailedViewModel.swift */ = {isa = PBXFileReference; lastKnownFileType = sourcecode.swift; path = MostEmailedViewModel.swift; sourceTree = "<group>"; };
		1D36852F299194F40026959E /* MostViewedViewModel.swift */ = {isa = PBXFileReference; lastKnownFileType = sourcecode.swift; path = MostViewedViewModel.swift; sourceTree = "<group>"; };
		1D368531299195290026959E /* MostViewedArticleModel.swift */ = {isa = PBXFileReference; lastKnownFileType = sourcecode.swift; path = MostViewedArticleModel.swift; sourceTree = "<group>"; };
		1D368533299195A10026959E /* MostSharedArticleModel.swift */ = {isa = PBXFileReference; lastKnownFileType = sourcecode.swift; path = MostSharedArticleModel.swift; sourceTree = "<group>"; };
		1D368535299195EE0026959E /* MostEmailedArticleModel.swift */ = {isa = PBXFileReference; lastKnownFileType = sourcecode.swift; path = MostEmailedArticleModel.swift; sourceTree = "<group>"; };
		1D36853A29919A8B0026959E /* MostEmailedTableViewController.swift */ = {isa = PBXFileReference; lastKnownFileType = sourcecode.swift; path = MostEmailedTableViewController.swift; sourceTree = "<group>"; };
		1D36853C29919ADC0026959E /* MostSharedTableViewController.swift */ = {isa = PBXFileReference; lastKnownFileType = sourcecode.swift; path = MostSharedTableViewController.swift; sourceTree = "<group>"; };
		1D36853E29919B020026959E /* MostViewedTableViewController.swift */ = {isa = PBXFileReference; lastKnownFileType = sourcecode.swift; path = MostViewedTableViewController.swift; sourceTree = "<group>"; };
		1D3685452991A81A0026959E /* ArticleTableViewCell.swift */ = {isa = PBXFileReference; lastKnownFileType = sourcecode.swift; path = ArticleTableViewCell.swift; sourceTree = "<group>"; };
		1D3685462991A81A0026959E /* ArticleTableViewCell.xib */ = {isa = PBXFileReference; lastKnownFileType = file.xib; path = ArticleTableViewCell.xib; sourceTree = "<group>"; };
		1D3685492991B0110026959E /* MostEmailedArticleService.swift */ = {isa = PBXFileReference; lastKnownFileType = sourcecode.swift; path = MostEmailedArticleService.swift; sourceTree = "<group>"; };
		1D36854B2991B0D90026959E /* MostSharedArticleService.swift */ = {isa = PBXFileReference; lastKnownFileType = sourcecode.swift; path = MostSharedArticleService.swift; sourceTree = "<group>"; };
		1D36854D2991B17E0026959E /* MostViewedArticleService.swift */ = {isa = PBXFileReference; lastKnownFileType = sourcecode.swift; path = MostViewedArticleService.swift; sourceTree = "<group>"; };
		1D36854F2991B4B20026959E /* MostEmailedCacheService.swift */ = {isa = PBXFileReference; lastKnownFileType = sourcecode.swift; path = MostEmailedCacheService.swift; sourceTree = "<group>"; };
		1D3685512991B4DF0026959E /* MostSharedCacheService.swift */ = {isa = PBXFileReference; lastKnownFileType = sourcecode.swift; path = MostSharedCacheService.swift; sourceTree = "<group>"; };
		1D3685532991B52A0026959E /* MostViewedCacheService.swift */ = {isa = PBXFileReference; lastKnownFileType = sourcecode.swift; path = MostViewedCacheService.swift; sourceTree = "<group>"; };
		1D368558299282A80026959E /* LoadingTableViewCell.xib */ = {isa = PBXFileReference; lastKnownFileType = file.xib; path = LoadingTableViewCell.xib; sourceTree = "<group>"; };
		1D36855C29928B3F0026959E /* MostEmailedArticleResponse.swift */ = {isa = PBXFileReference; lastKnownFileType = sourcecode.swift; path = MostEmailedArticleResponse.swift; sourceTree = "<group>"; };
		1D36855E299290A70026959E /* MostSharedArticleResponse.swift */ = {isa = PBXFileReference; lastKnownFileType = sourcecode.swift; path = MostSharedArticleResponse.swift; sourceTree = "<group>"; };
		1D3685602992960C0026959E /* MostViewedArticleResponse.swift */ = {isa = PBXFileReference; lastKnownFileType = sourcecode.swift; path = MostViewedArticleResponse.swift; sourceTree = "<group>"; };
		1D3685632992A1240026959E /* FavouriteArticles.storyboard */ = {isa = PBXFileReference; lastKnownFileType = file.storyboard; path = FavouriteArticles.storyboard; sourceTree = "<group>"; };
		1D3685652992A1A90026959E /* FavouritesTableViewController.swift */ = {isa = PBXFileReference; lastKnownFileType = sourcecode.swift; path = FavouritesTableViewController.swift; sourceTree = "<group>"; };
		1D3685672992A3970026959E /* FavouriteArticlesViewModel.swift */ = {isa = PBXFileReference; lastKnownFileType = sourcecode.swift; path = FavouriteArticlesViewModel.swift; sourceTree = "<group>"; };
		1D3685692992A3DB0026959E /* FavouriteArticlesModel.swift */ = {isa = PBXFileReference; lastKnownFileType = sourcecode.swift; path = FavouriteArticlesModel.swift; sourceTree = "<group>"; };
		1D36856B2992A98D0026959E /* EmptyTableViewCell.xib */ = {isa = PBXFileReference; lastKnownFileType = file.xib; path = EmptyTableViewCell.xib; sourceTree = "<group>"; };
		1D36856D2992AE170026959E /* MostEmailedDetailViewController.swift */ = {isa = PBXFileReference; lastKnownFileType = sourcecode.swift; path = MostEmailedDetailViewController.swift; sourceTree = "<group>"; };
		1D3685702992CD2C0026959E /* MostEmailedDetailViewModel.swift */ = {isa = PBXFileReference; lastKnownFileType = sourcecode.swift; path = MostEmailedDetailViewModel.swift; sourceTree = "<group>"; };
		1D3685752993DD6A0026959E /* MostSharedDetailViewController.swift */ = {isa = PBXFileReference; lastKnownFileType = sourcecode.swift; path = MostSharedDetailViewController.swift; sourceTree = "<group>"; };
		1D3685772993DD810026959E /* MostSharedDetailViewModel.swift */ = {isa = PBXFileReference; lastKnownFileType = sourcecode.swift; path = MostSharedDetailViewModel.swift; sourceTree = "<group>"; };
		1D36857A2993E1330026959E /* MostViewedDetailViewController.swift */ = {isa = PBXFileReference; lastKnownFileType = sourcecode.swift; path = MostViewedDetailViewController.swift; sourceTree = "<group>"; };
		1D36857C2993E1460026959E /* MostViewedDetailViewModel.swift */ = {isa = PBXFileReference; lastKnownFileType = sourcecode.swift; path = MostViewedDetailViewModel.swift; sourceTree = "<group>"; };
		1D5B21BB2991756300D842EF /* NYTimesAPI.app */ = {isa = PBXFileReference; explicitFileType = wrapper.application; includeInIndex = 0; path = NYTimesAPI.app; sourceTree = BUILT_PRODUCTS_DIR; };
		1D5B21BE2991756300D842EF /* AppDelegate.swift */ = {isa = PBXFileReference; lastKnownFileType = sourcecode.swift; path = AppDelegate.swift; sourceTree = "<group>"; };
		1D5B21C02991756300D842EF /* SceneDelegate.swift */ = {isa = PBXFileReference; lastKnownFileType = sourcecode.swift; path = SceneDelegate.swift; sourceTree = "<group>"; };
		1D5B21C52991756300D842EF /* Base */ = {isa = PBXFileReference; lastKnownFileType = file.storyboard; name = Base; path = Base.lproj/MostEmailed.storyboard; sourceTree = "<group>"; };
		1D5B21C82991756300D842EF /* NYTimesAPI.xcdatamodel */ = {isa = PBXFileReference; lastKnownFileType = wrapper.xcdatamodel; path = NYTimesAPI.xcdatamodel; sourceTree = "<group>"; };
		1D5B21CA2991756400D842EF /* Assets.xcassets */ = {isa = PBXFileReference; lastKnownFileType = folder.assetcatalog; path = Assets.xcassets; sourceTree = "<group>"; };
		1D5B21CF2991756400D842EF /* Info.plist */ = {isa = PBXFileReference; lastKnownFileType = text.plist.xml; path = Info.plist; sourceTree = "<group>"; };
		1D5B21D72991765500D842EF /* MostViewed.storyboard */ = {isa = PBXFileReference; lastKnownFileType = file.storyboard; path = MostViewed.storyboard; sourceTree = "<group>"; };
		62D3D8636B271A417ADA27DF /* Pods-NYTimesAPI.release.xcconfig */ = {isa = PBXFileReference; includeInIndex = 1; lastKnownFileType = text.xcconfig; name = "Pods-NYTimesAPI.release.xcconfig"; path = "Target Support Files/Pods-NYTimesAPI/Pods-NYTimesAPI.release.xcconfig"; sourceTree = "<group>"; };
		A707699D7E00ABB454A56E77 /* Pods_NYTimesAPI.framework */ = {isa = PBXFileReference; explicitFileType = wrapper.framework; includeInIndex = 0; path = Pods_NYTimesAPI.framework; sourceTree = BUILT_PRODUCTS_DIR; };
		B41337F41EA1253BAD61A38A /* Pods-NYTimesAPI.debug.xcconfig */ = {isa = PBXFileReference; includeInIndex = 1; lastKnownFileType = text.xcconfig; name = "Pods-NYTimesAPI.debug.xcconfig"; path = "Target Support Files/Pods-NYTimesAPI/Pods-NYTimesAPI.debug.xcconfig"; sourceTree = "<group>"; };
/* End PBXFileReference section */

/* Begin PBXFrameworksBuildPhase section */
		1D5B21B82991756300D842EF /* Frameworks */ = {
			isa = PBXFrameworksBuildPhase;
			buildActionMask = 2147483647;
			files = (
				C515F92324A9CB9AE309D795 /* Pods_NYTimesAPI.framework in Frameworks */,
			);
			runOnlyForDeploymentPostprocessing = 0;
		};
/* End PBXFrameworksBuildPhase section */

/* Begin PBXGroup section */
		13FDDEB9D0328056A8B4A287 /* Frameworks */ = {
			isa = PBXGroup;
			children = (
				A707699D7E00ABB454A56E77 /* Pods_NYTimesAPI.framework */,
			);
			name = Frameworks;
			path = ../..;
			sourceTree = "<group>";
		};
		1D368529299190480026959E /* Sources */ = {
			isa = PBXGroup;
			children = (
				1D5B21BD2991756300D842EF /* NYTimesAPI */,
			);
			path = Sources;
			sourceTree = "<group>";
		};
		1D36852A2991905B0026959E /* Resources */ = {
			isa = PBXGroup;
			children = (
				1D5B21BE2991756300D842EF /* AppDelegate.swift */,
				1D5B21C02991756300D842EF /* SceneDelegate.swift */,
				1D5B21CA2991756400D842EF /* Assets.xcassets */,
				1D5B21CF2991756400D842EF /* Info.plist */,
			);
			path = Resources;
			sourceTree = "<group>";
		};
		1D368537299196440026959E /* Services */ = {
			isa = PBXGroup;
			children = (
				1D3685492991B0110026959E /* MostEmailedArticleService.swift */,
				1D36854F2991B4B20026959E /* MostEmailedCacheService.swift */,
			);
			path = Services;
			sourceTree = "<group>";
		};
		1D368538299196740026959E /* Services */ = {
			isa = PBXGroup;
			children = (
				1D36854B2991B0D90026959E /* MostSharedArticleService.swift */,
				1D3685512991B4DF0026959E /* MostSharedCacheService.swift */,
			);
			path = Services;
			sourceTree = "<group>";
		};
		1D368539299196800026959E /* Services */ = {
			isa = PBXGroup;
			children = (
				1D36854D2991B17E0026959E /* MostViewedArticleService.swift */,
				1D3685532991B52A0026959E /* MostViewedCacheService.swift */,
			);
			path = Services;
			sourceTree = "<group>";
		};
		1D3685442991A55B0026959E /* Nibs */ = {
			isa = PBXGroup;
			children = (
				1D3685452991A81A0026959E /* ArticleTableViewCell.swift */,
				1D3685462991A81A0026959E /* ArticleTableViewCell.xib */,
				1D368558299282A80026959E /* LoadingTableViewCell.xib */,
				1D36856B2992A98D0026959E /* EmptyTableViewCell.xib */,
			);
			path = Nibs;
			sourceTree = "<group>";
		};
		1D3685622992A0BE0026959E /* Favourite */ = {
			isa = PBXGroup;
			children = (
				1D3685632992A1240026959E /* FavouriteArticles.storyboard */,
				1D3685652992A1A90026959E /* FavouritesTableViewController.swift */,
				1D3685672992A3970026959E /* FavouriteArticlesViewModel.swift */,
				1D3685692992A3DB0026959E /* FavouriteArticlesModel.swift */,
			);
			path = Favourite;
			sourceTree = "<group>";
		};
		1D36856F2992CCCD0026959E /* EmailedDetailScreen */ = {
			isa = PBXGroup;
			children = (
				1D36856D2992AE170026959E /* MostEmailedDetailViewController.swift */,
				1D3685702992CD2C0026959E /* MostEmailedDetailViewModel.swift */,
			);
			path = EmailedDetailScreen;
			sourceTree = "<group>";
		};
		1D3685742993DD120026959E /* SharedDetailScreen */ = {
			isa = PBXGroup;
			children = (
				1D3685752993DD6A0026959E /* MostSharedDetailViewController.swift */,
				1D3685772993DD810026959E /* MostSharedDetailViewModel.swift */,
			);
			path = SharedDetailScreen;
			sourceTree = "<group>";
		};
		1D3685792993E0FF0026959E /* MostViewedDetailScreen */ = {
			isa = PBXGroup;
			children = (
				1D36857A2993E1330026959E /* MostViewedDetailViewController.swift */,
				1D36857C2993E1460026959E /* MostViewedDetailViewModel.swift */,
			);
			path = MostViewedDetailScreen;
			sourceTree = "<group>";
		};
		1D5B21B22991756300D842EF = {
			isa = PBXGroup;
			children = (
				1D36852A2991905B0026959E /* Resources */,
				1D368529299190480026959E /* Sources */,
			);
			sourceTree = "<group>";
		};
		1D5B21BC2991756300D842EF /* Products */ = {
			isa = PBXGroup;
			children = (
				1D5B21BB2991756300D842EF /* NYTimesAPI.app */,
			);
			name = Products;
			path = ../..;
			sourceTree = "<group>";
		};
		1D5B21BD2991756300D842EF /* NYTimesAPI */ = {
			isa = PBXGroup;
			children = (
				1D3685622992A0BE0026959E /* Favourite */,
				1D5B21DB29918E6C00D842EF /* Emailed */,
				1D5B21DC29918E8C00D842EF /* Shared */,
				1D5B21DD29918EAF00D842EF /* Viewed */,
				1D5B21C72991756300D842EF /* NYTimesAPI.xcdatamodeld */,
				1D3685442991A55B0026959E /* Nibs */,
				1D5B21BC2991756300D842EF /* Products */,
				A51B5ACF51197C6F2ACA7714 /* Pods */,
				13FDDEB9D0328056A8B4A287 /* Frameworks */,
			);
			path = NYTimesAPI;
			sourceTree = "<group>";
		};
		1D5B21DB29918E6C00D842EF /* Emailed */ = {
			isa = PBXGroup;
			children = (
				1D368537299196440026959E /* Services */,
				1D5B21C42991756300D842EF /* MostEmailed.storyboard */,
				1D36853A29919A8B0026959E /* MostEmailedTableViewController.swift */,
				1D36852D299194BB0026959E /* MostEmailedViewModel.swift */,
				1D368535299195EE0026959E /* MostEmailedArticleModel.swift */,
				1D36855C29928B3F0026959E /* MostEmailedArticleResponse.swift */,
				1D36856F2992CCCD0026959E /* EmailedDetailScreen */,
			);
			path = Emailed;
			sourceTree = "<group>";
		};
		1D5B21DC29918E8C00D842EF /* Shared */ = {
			isa = PBXGroup;
			children = (
				1D368538299196740026959E /* Services */,
				1D368527299190290026959E /* MostShared.storyboard */,
				1D36853C29919ADC0026959E /* MostSharedTableViewController.swift */,
				1D36852B2991947C0026959E /* MostSharedViewModel.swift */,
				1D368533299195A10026959E /* MostSharedArticleModel.swift */,
				1D36855E299290A70026959E /* MostSharedArticleResponse.swift */,
				1D3685742993DD120026959E /* SharedDetailScreen */,
			);
			path = Shared;
			sourceTree = "<group>";
		};
		1D5B21DD29918EAF00D842EF /* Viewed */ = {
			isa = PBXGroup;
			children = (
				1D368539299196800026959E /* Services */,
				1D5B21D72991765500D842EF /* MostViewed.storyboard */,
				1D36853E29919B020026959E /* MostViewedTableViewController.swift */,
				1D36852F299194F40026959E /* MostViewedViewModel.swift */,
				1D368531299195290026959E /* MostViewedArticleModel.swift */,
				1D3685602992960C0026959E /* MostViewedArticleResponse.swift */,
				1D3685792993E0FF0026959E /* MostViewedDetailScreen */,
			);
			path = Viewed;
			sourceTree = "<group>";
		};
		A51B5ACF51197C6F2ACA7714 /* Pods */ = {
			isa = PBXGroup;
			children = (
				B41337F41EA1253BAD61A38A /* Pods-NYTimesAPI.debug.xcconfig */,
				62D3D8636B271A417ADA27DF /* Pods-NYTimesAPI.release.xcconfig */,
			);
			name = Pods;
			path = ../../Pods;
			sourceTree = "<group>";
		};
/* End PBXGroup section */

/* Begin PBXNativeTarget section */
		1D5B21BA2991756300D842EF /* NYTimesAPI */ = {
			isa = PBXNativeTarget;
			buildConfigurationList = 1D5B21D22991756400D842EF /* Build configuration list for PBXNativeTarget "NYTimesAPI" */;
			buildPhases = (
				9237D86B101E7CE036434910 /* [CP] Check Pods Manifest.lock */,
				1D5B21B72991756300D842EF /* Sources */,
				1D5B21B82991756300D842EF /* Frameworks */,
				1D5B21B92991756300D842EF /* Resources */,
				D7658F46955B08439FA0986B /* [CP] Embed Pods Frameworks */,
			);
			buildRules = (
			);
			dependencies = (
			);
			name = NYTimesAPI;
			productName = NYTimesAPI;
			productReference = 1D5B21BB2991756300D842EF /* NYTimesAPI.app */;
			productType = "com.apple.product-type.application";
		};
/* End PBXNativeTarget section */

/* Begin PBXProject section */
		1D5B21B32991756300D842EF /* Project object */ = {
			isa = PBXProject;
			attributes = {
				BuildIndependentTargetsInParallel = 1;
				LastSwiftUpdateCheck = 1420;
				LastUpgradeCheck = 1420;
				TargetAttributes = {
					1D5B21BA2991756300D842EF = {
						CreatedOnToolsVersion = 14.2;
					};
				};
			};
			buildConfigurationList = 1D5B21B62991756300D842EF /* Build configuration list for PBXProject "NYTimesAPI" */;
			compatibilityVersion = "Xcode 14.0";
			developmentRegion = en;
			hasScannedForEncodings = 0;
			knownRegions = (
				en,
				Base,
			);
			mainGroup = 1D5B21B22991756300D842EF;
			productRefGroup = 1D5B21BC2991756300D842EF /* Products */;
			projectDirPath = "";
			projectRoot = "";
			targets = (
				1D5B21BA2991756300D842EF /* NYTimesAPI */,
			);
		};
/* End PBXProject section */

/* Begin PBXResourcesBuildPhase section */
		1D5B21B92991756300D842EF /* Resources */ = {
			isa = PBXResourcesBuildPhase;
			buildActionMask = 2147483647;
			files = (
				1D3685482991A81A0026959E /* ArticleTableViewCell.xib in Resources */,
				1D36856C2992A98D0026959E /* EmptyTableViewCell.xib in Resources */,
				1D5B21CB2991756400D842EF /* Assets.xcassets in Resources */,
				1D3685642992A1240026959E /* FavouriteArticles.storyboard in Resources */,
				1D368559299282A80026959E /* LoadingTableViewCell.xib in Resources */,
				1D5B21C62991756300D842EF /* MostEmailed.storyboard in Resources */,
				1D368528299190290026959E /* MostShared.storyboard in Resources */,
				1D5B21D82991765500D842EF /* MostViewed.storyboard in Resources */,
			);
			runOnlyForDeploymentPostprocessing = 0;
		};
/* End PBXResourcesBuildPhase section */

/* Begin PBXShellScriptBuildPhase section */
		9237D86B101E7CE036434910 /* [CP] Check Pods Manifest.lock */ = {
			isa = PBXShellScriptBuildPhase;
			buildActionMask = 2147483647;
			files = (
			);
			inputFileListPaths = (
			);
			inputPaths = (
				"${PODS_PODFILE_DIR_PATH}/Podfile.lock",
				"${PODS_ROOT}/Manifest.lock",
			);
			name = "[CP] Check Pods Manifest.lock";
			outputFileListPaths = (
			);
			outputPaths = (
				"$(DERIVED_FILE_DIR)/Pods-NYTimesAPI-checkManifestLockResult.txt",
			);
			runOnlyForDeploymentPostprocessing = 0;
			shellPath = /bin/sh;
			shellScript = "diff \"${PODS_PODFILE_DIR_PATH}/Podfile.lock\" \"${PODS_ROOT}/Manifest.lock\" > /dev/null\nif [ $? != 0 ] ; then\n    # print error to STDERR\n    echo \"error: The sandbox is not in sync with the Podfile.lock. Run 'pod install' or update your CocoaPods installation.\" >&2\n    exit 1\nfi\n# This output is used by Xcode 'outputs' to avoid re-running this script phase.\necho \"SUCCESS\" > \"${SCRIPT_OUTPUT_FILE_0}\"\n";
			showEnvVarsInLog = 0;
		};
		D7658F46955B08439FA0986B /* [CP] Embed Pods Frameworks */ = {
			isa = PBXShellScriptBuildPhase;
			buildActionMask = 2147483647;
			files = (
			);
			inputFileListPaths = (
				"${PODS_ROOT}/Target Support Files/Pods-NYTimesAPI/Pods-NYTimesAPI-frameworks-${CONFIGURATION}-input-files.xcfilelist",
			);
			name = "[CP] Embed Pods Frameworks";
			outputFileListPaths = (
				"${PODS_ROOT}/Target Support Files/Pods-NYTimesAPI/Pods-NYTimesAPI-frameworks-${CONFIGURATION}-output-files.xcfilelist",
			);
			runOnlyForDeploymentPostprocessing = 0;
			shellPath = /bin/sh;
			shellScript = "\"${PODS_ROOT}/Target Support Files/Pods-NYTimesAPI/Pods-NYTimesAPI-frameworks.sh\"\n";
			showEnvVarsInLog = 0;
		};
/* End PBXShellScriptBuildPhase section */

/* Begin PBXSourcesBuildPhase section */
		1D5B21B72991756300D842EF /* Sources */ = {
			isa = PBXSourcesBuildPhase;
			buildActionMask = 2147483647;
			files = (
				1D36856E2992AE170026959E /* MostEmailedDetailViewController.swift in Sources */,
				1D36854E2991B17E0026959E /* MostViewedArticleService.swift in Sources */,
				1D3685502991B4B20026959E /* MostEmailedCacheService.swift in Sources */,
				1D36855D29928B3F0026959E /* MostEmailedArticleResponse.swift in Sources */,
				1D36856A2992A3DB0026959E /* FavouriteArticlesModel.swift in Sources */,
				1D36857D2993E1460026959E /* MostViewedDetailViewModel.swift in Sources */,
				1D3685662992A1A90026959E /* FavouritesTableViewController.swift in Sources */,
				1D368530299194F40026959E /* MostViewedViewModel.swift in Sources */,
				1D3685762993DD6A0026959E /* MostSharedDetailViewController.swift in Sources */,
				1D36852C2991947C0026959E /* MostSharedViewModel.swift in Sources */,
				1D3685682992A3970026959E /* FavouriteArticlesViewModel.swift in Sources */,
				1D36853D29919ADC0026959E /* MostSharedTableViewController.swift in Sources */,
				1D36852E299194BB0026959E /* MostEmailedViewModel.swift in Sources */,
				1D36854C2991B0D90026959E /* MostSharedArticleService.swift in Sources */,
				1D3685522991B4DF0026959E /* MostSharedCacheService.swift in Sources */,
				1D3685612992960C0026959E /* MostViewedArticleResponse.swift in Sources */,
				1D36854A2991B0110026959E /* MostEmailedArticleService.swift in Sources */,
				1D5B21BF2991756300D842EF /* AppDelegate.swift in Sources */,
				1D368534299195A10026959E /* MostSharedArticleModel.swift in Sources */,
				1D36857B2993E1330026959E /* MostViewedDetailViewController.swift in Sources */,
				1D368532299195290026959E /* MostViewedArticleModel.swift in Sources */,
				1D36853F29919B020026959E /* MostViewedTableViewController.swift in Sources */,
				1D5B21C92991756300D842EF /* NYTimesAPI.xcdatamodeld in Sources */,
				1D36853B29919A8B0026959E /* MostEmailedTableViewController.swift in Sources */,
				1D5B21C12991756300D842EF /* SceneDelegate.swift in Sources */,
				1D3685472991A81A0026959E /* ArticleTableViewCell.swift in Sources */,
				1D368536299195EE0026959E /* MostEmailedArticleModel.swift in Sources */,
				1D3685712992CD2C0026959E /* MostEmailedDetailViewModel.swift in Sources */,
				1D3685782993DD810026959E /* MostSharedDetailViewModel.swift in Sources */,
				1D3685542991B52A0026959E /* MostViewedCacheService.swift in Sources */,
				1D36855F299290A70026959E /* MostSharedArticleResponse.swift in Sources */,
			);
			runOnlyForDeploymentPostprocessing = 0;
		};
/* End PBXSourcesBuildPhase section */

/* Begin PBXVariantGroup section */
		1D5B21C42991756300D842EF /* MostEmailed.storyboard */ = {
			isa = PBXVariantGroup;
			children = (
				1D5B21C52991756300D842EF /* Base */,
			);
			name = MostEmailed.storyboard;
			sourceTree = "<group>";
		};
/* End PBXVariantGroup section */

/* Begin XCBuildConfiguration section */
		1D5B21D02991756400D842EF /* Debug */ = {
			isa = XCBuildConfiguration;
			buildSettings = {
				ALWAYS_SEARCH_USER_PATHS = NO;
				CLANG_ANALYZER_NONNULL = YES;
				CLANG_ANALYZER_NUMBER_OBJECT_CONVERSION = YES_AGGRESSIVE;
				CLANG_CXX_LANGUAGE_STANDARD = "gnu++20";
				CLANG_ENABLE_MODULES = YES;
				CLANG_ENABLE_OBJC_ARC = YES;
				CLANG_ENABLE_OBJC_WEAK = YES;
				CLANG_WARN_BLOCK_CAPTURE_AUTORELEASING = YES;
				CLANG_WARN_BOOL_CONVERSION = YES;
				CLANG_WARN_COMMA = YES;
				CLANG_WARN_CONSTANT_CONVERSION = YES;
				CLANG_WARN_DEPRECATED_OBJC_IMPLEMENTATIONS = YES;
				CLANG_WARN_DIRECT_OBJC_ISA_USAGE = YES_ERROR;
				CLANG_WARN_DOCUMENTATION_COMMENTS = YES;
				CLANG_WARN_EMPTY_BODY = YES;
				CLANG_WARN_ENUM_CONVERSION = YES;
				CLANG_WARN_INFINITE_RECURSION = YES;
				CLANG_WARN_INT_CONVERSION = YES;
				CLANG_WARN_NON_LITERAL_NULL_CONVERSION = YES;
				CLANG_WARN_OBJC_IMPLICIT_RETAIN_SELF = YES;
				CLANG_WARN_OBJC_LITERAL_CONVERSION = YES;
				CLANG_WARN_OBJC_ROOT_CLASS = YES_ERROR;
				CLANG_WARN_QUOTED_INCLUDE_IN_FRAMEWORK_HEADER = YES;
				CLANG_WARN_RANGE_LOOP_ANALYSIS = YES;
				CLANG_WARN_STRICT_PROTOTYPES = YES;
				CLANG_WARN_SUSPICIOUS_MOVE = YES;
				CLANG_WARN_UNGUARDED_AVAILABILITY = YES_AGGRESSIVE;
				CLANG_WARN_UNREACHABLE_CODE = YES;
				CLANG_WARN__DUPLICATE_METHOD_MATCH = YES;
				COPY_PHASE_STRIP = NO;
				DEBUG_INFORMATION_FORMAT = dwarf;
				ENABLE_STRICT_OBJC_MSGSEND = YES;
				ENABLE_TESTABILITY = YES;
				GCC_C_LANGUAGE_STANDARD = gnu11;
				GCC_DYNAMIC_NO_PIC = NO;
				GCC_NO_COMMON_BLOCKS = YES;
				GCC_OPTIMIZATION_LEVEL = 0;
				GCC_PREPROCESSOR_DEFINITIONS = (
					"DEBUG=1",
					"$(inherited)",
				);
				GCC_WARN_64_TO_32_BIT_CONVERSION = YES;
				GCC_WARN_ABOUT_RETURN_TYPE = YES_ERROR;
				GCC_WARN_UNDECLARED_SELECTOR = YES;
				GCC_WARN_UNINITIALIZED_AUTOS = YES_AGGRESSIVE;
				GCC_WARN_UNUSED_FUNCTION = YES;
				GCC_WARN_UNUSED_VARIABLE = YES;
				IPHONEOS_DEPLOYMENT_TARGET = 16.2;
				MTL_ENABLE_DEBUG_INFO = INCLUDE_SOURCE;
				MTL_FAST_MATH = YES;
				ONLY_ACTIVE_ARCH = YES;
				SDKROOT = iphoneos;
				SWIFT_ACTIVE_COMPILATION_CONDITIONS = DEBUG;
				SWIFT_OPTIMIZATION_LEVEL = "-Onone";
			};
			name = Debug;
		};
		1D5B21D12991756400D842EF /* Release */ = {
			isa = XCBuildConfiguration;
			buildSettings = {
				ALWAYS_SEARCH_USER_PATHS = NO;
				CLANG_ANALYZER_NONNULL = YES;
				CLANG_ANALYZER_NUMBER_OBJECT_CONVERSION = YES_AGGRESSIVE;
				CLANG_CXX_LANGUAGE_STANDARD = "gnu++20";
				CLANG_ENABLE_MODULES = YES;
				CLANG_ENABLE_OBJC_ARC = YES;
				CLANG_ENABLE_OBJC_WEAK = YES;
				CLANG_WARN_BLOCK_CAPTURE_AUTORELEASING = YES;
				CLANG_WARN_BOOL_CONVERSION = YES;
				CLANG_WARN_COMMA = YES;
				CLANG_WARN_CONSTANT_CONVERSION = YES;
				CLANG_WARN_DEPRECATED_OBJC_IMPLEMENTATIONS = YES;
				CLANG_WARN_DIRECT_OBJC_ISA_USAGE = YES_ERROR;
				CLANG_WARN_DOCUMENTATION_COMMENTS = YES;
				CLANG_WARN_EMPTY_BODY = YES;
				CLANG_WARN_ENUM_CONVERSION = YES;
				CLANG_WARN_INFINITE_RECURSION = YES;
				CLANG_WARN_INT_CONVERSION = YES;
				CLANG_WARN_NON_LITERAL_NULL_CONVERSION = YES;
				CLANG_WARN_OBJC_IMPLICIT_RETAIN_SELF = YES;
				CLANG_WARN_OBJC_LITERAL_CONVERSION = YES;
				CLANG_WARN_OBJC_ROOT_CLASS = YES_ERROR;
				CLANG_WARN_QUOTED_INCLUDE_IN_FRAMEWORK_HEADER = YES;
				CLANG_WARN_RANGE_LOOP_ANALYSIS = YES;
				CLANG_WARN_STRICT_PROTOTYPES = YES;
				CLANG_WARN_SUSPICIOUS_MOVE = YES;
				CLANG_WARN_UNGUARDED_AVAILABILITY = YES_AGGRESSIVE;
				CLANG_WARN_UNREACHABLE_CODE = YES;
				CLANG_WARN__DUPLICATE_METHOD_MATCH = YES;
				COPY_PHASE_STRIP = NO;
				DEBUG_INFORMATION_FORMAT = "dwarf-with-dsym";
				ENABLE_NS_ASSERTIONS = NO;
				ENABLE_STRICT_OBJC_MSGSEND = YES;
				GCC_C_LANGUAGE_STANDARD = gnu11;
				GCC_NO_COMMON_BLOCKS = YES;
				GCC_WARN_64_TO_32_BIT_CONVERSION = YES;
				GCC_WARN_ABOUT_RETURN_TYPE = YES_ERROR;
				GCC_WARN_UNDECLARED_SELECTOR = YES;
				GCC_WARN_UNINITIALIZED_AUTOS = YES_AGGRESSIVE;
				GCC_WARN_UNUSED_FUNCTION = YES;
				GCC_WARN_UNUSED_VARIABLE = YES;
				IPHONEOS_DEPLOYMENT_TARGET = 16.2;
				MTL_ENABLE_DEBUG_INFO = NO;
				MTL_FAST_MATH = YES;
				SDKROOT = iphoneos;
				SWIFT_COMPILATION_MODE = wholemodule;
				SWIFT_OPTIMIZATION_LEVEL = "-O";
				VALIDATE_PRODUCT = YES;
			};
			name = Release;
		};
		1D5B21D32991756400D842EF /* Debug */ = {
			isa = XCBuildConfiguration;
			baseConfigurationReference = B41337F41EA1253BAD61A38A /* Pods-NYTimesAPI.debug.xcconfig */;
			buildSettings = {
				ASSETCATALOG_COMPILER_APPICON_NAME = AppIcon;
				ASSETCATALOG_COMPILER_GLOBAL_ACCENT_COLOR_NAME = AccentColor;
				CODE_SIGN_STYLE = Automatic;
				CURRENT_PROJECT_VERSION = 1;
				DEVELOPMENT_TEAM = CHL34W9FC3;
				GENERATE_INFOPLIST_FILE = YES;
				INFOPLIST_FILE = /Users/dmitriyryndya/Documents/Developer/NYTimesAPI/Resources/Info.plist;
				INFOPLIST_KEY_UIApplicationSupportsIndirectInputEvents = YES;
				INFOPLIST_KEY_UILaunchStoryboardName = MostEmailed;
				INFOPLIST_KEY_UIMainStoryboardFile = MostEmailed;
				INFOPLIST_KEY_UISupportedInterfaceOrientations = UIInterfaceOrientationPortrait;
				INFOPLIST_KEY_UISupportedInterfaceOrientations_iPad = "UIInterfaceOrientationLandscapeLeft UIInterfaceOrientationLandscapeRight UIInterfaceOrientationPortrait UIInterfaceOrientationPortraitUpsideDown";
				IPHONEOS_DEPLOYMENT_TARGET = 14.2;
				LD_RUNPATH_SEARCH_PATHS = (
					"$(inherited)",
					"@executable_path/Frameworks",
				);
				MARKETING_VERSION = 1.0;
				PRODUCT_BUNDLE_IDENTIFIER = hello.NYTimesAPI;
				PRODUCT_NAME = "$(TARGET_NAME)";
				SUPPORTED_PLATFORMS = "iphoneos iphonesimulator";
				SUPPORTS_MACCATALYST = NO;
				SUPPORTS_MAC_DESIGNED_FOR_IPHONE_IPAD = YES;
				SWIFT_EMIT_LOC_STRINGS = YES;
				SWIFT_VERSION = 5.0;
				TARGETED_DEVICE_FAMILY = 1;
			};
			name = Debug;
		};
		1D5B21D42991756400D842EF /* Release */ = {
			isa = XCBuildConfiguration;
			baseConfigurationReference = 62D3D8636B271A417ADA27DF /* Pods-NYTimesAPI.release.xcconfig */;
			buildSettings = {
				ASSETCATALOG_COMPILER_APPICON_NAME = AppIcon;
				ASSETCATALOG_COMPILER_GLOBAL_ACCENT_COLOR_NAME = AccentColor;
				CODE_SIGN_STYLE = Automatic;
				CURRENT_PROJECT_VERSION = 1;
				DEVELOPMENT_TEAM = CHL34W9FC3;
				GENERATE_INFOPLIST_FILE = YES;
				INFOPLIST_FILE = /Users/dmitriyryndya/Documents/Developer/NYTimesAPI/Resources/Info.plist;
				INFOPLIST_KEY_UIApplicationSupportsIndirectInputEvents = YES;
				INFOPLIST_KEY_UILaunchStoryboardName = MostEmailed;
				INFOPLIST_KEY_UIMainStoryboardFile = MostEmailed;
				INFOPLIST_KEY_UISupportedInterfaceOrientations = UIInterfaceOrientationPortrait;
				INFOPLIST_KEY_UISupportedInterfaceOrientations_iPad = "UIInterfaceOrientationLandscapeLeft UIInterfaceOrientationLandscapeRight UIInterfaceOrientationPortrait UIInterfaceOrientationPortraitUpsideDown";
				IPHONEOS_DEPLOYMENT_TARGET = 14.2;
				LD_RUNPATH_SEARCH_PATHS = (
					"$(inherited)",
					"@executable_path/Frameworks",
				);
				MARKETING_VERSION = 1.0;
				PRODUCT_BUNDLE_IDENTIFIER = hello.NYTimesAPI;
				PRODUCT_NAME = "$(TARGET_NAME)";
				SUPPORTED_PLATFORMS = "iphoneos iphonesimulator";
				SUPPORTS_MACCATALYST = NO;
				SUPPORTS_MAC_DESIGNED_FOR_IPHONE_IPAD = YES;
				SWIFT_EMIT_LOC_STRINGS = YES;
				SWIFT_VERSION = 5.0;
				TARGETED_DEVICE_FAMILY = 1;
			};
			name = Release;
		};
/* End XCBuildConfiguration section */

/* Begin XCConfigurationList section */
		1D5B21B62991756300D842EF /* Build configuration list for PBXProject "NYTimesAPI" */ = {
			isa = XCConfigurationList;
			buildConfigurations = (
				1D5B21D02991756400D842EF /* Debug */,
				1D5B21D12991756400D842EF /* Release */,
			);
			defaultConfigurationIsVisible = 0;
			defaultConfigurationName = Release;
		};
		1D5B21D22991756400D842EF /* Build configuration list for PBXNativeTarget "NYTimesAPI" */ = {
			isa = XCConfigurationList;
			buildConfigurations = (
				1D5B21D32991756400D842EF /* Debug */,
				1D5B21D42991756400D842EF /* Release */,
			);
			defaultConfigurationIsVisible = 0;
			defaultConfigurationName = Release;
		};
/* End XCConfigurationList section */

/* Begin XCVersionGroup section */
		1D5B21C72991756300D842EF /* NYTimesAPI.xcdatamodeld */ = {
			isa = XCVersionGroup;
			children = (
				1D5B21C82991756300D842EF /* NYTimesAPI.xcdatamodel */,
			);
			currentVersion = 1D5B21C82991756300D842EF /* NYTimesAPI.xcdatamodel */;
			path = NYTimesAPI.xcdatamodeld;
			sourceTree = "<group>";
			versionGroupType = wrapper.xcdatamodel;
		};
/* End XCVersionGroup section */
	};
	rootObject = 1D5B21B32991756300D842EF /* Project object */;
}
