// !$*UTF8*$!
{
	archiveVersion = 1;
	classes = {
	};
	objectVersion = 56;
	objects = {

/* Begin PBXBuildFile section */
		1D27E3BC2994F50800561793 /* ArticleModel.swift in Sources */ = {isa = PBXBuildFile; fileRef = 1D27E3BB2994F50800561793 /* ArticleModel.swift */; };
		1D3685472991A81A0026959E /* ArticleTableViewCell.swift in Sources */ = {isa = PBXBuildFile; fileRef = 1D3685452991A81A0026959E /* ArticleTableViewCell.swift */; };
		1D3685482991A81A0026959E /* ArticleTableViewCell.xib in Resources */ = {isa = PBXBuildFile; fileRef = 1D3685462991A81A0026959E /* ArticleTableViewCell.xib */; };
		1D368559299282A80026959E /* LoadingTableViewCell.xib in Resources */ = {isa = PBXBuildFile; fileRef = 1D368558299282A80026959E /* LoadingTableViewCell.xib */; };
		1D3685642992A1240026959E /* FavouriteArticlesStoryboard.storyboard in Resources */ = {isa = PBXBuildFile; fileRef = 1D3685632992A1240026959E /* FavouriteArticlesStoryboard.storyboard */; };
		1D3685662992A1A90026959E /* FavouritesTableViewController.swift in Sources */ = {isa = PBXBuildFile; fileRef = 1D3685652992A1A90026959E /* FavouritesTableViewController.swift */; };
		1D3685682992A3970026959E /* FavouriteArticlesViewModel.swift in Sources */ = {isa = PBXBuildFile; fileRef = 1D3685672992A3970026959E /* FavouriteArticlesViewModel.swift */; };
		1D36856C2992A98D0026959E /* EmptyTableViewCell.xib in Resources */ = {isa = PBXBuildFile; fileRef = 1D36856B2992A98D0026959E /* EmptyTableViewCell.xib */; };
		1D36858229943BFB0026959E /* CacheService.swift in Sources */ = {isa = PBXBuildFile; fileRef = 1D36858129943BFB0026959E /* CacheService.swift */; };
		1D3EFDDD29992424006CD67F /* Launch Screen.storyboard in Resources */ = {isa = PBXBuildFile; fileRef = 1D3EFDDC29992424006CD67F /* Launch Screen.storyboard */; };
		1D3EFDE129993603006CD67F /* ArticlesViewModel.swift in Sources */ = {isa = PBXBuildFile; fileRef = 1D3EFDE029993603006CD67F /* ArticlesViewModel.swift */; };
		1D3EFDE329994751006CD67F /* ArticlesTableViewController.swift in Sources */ = {isa = PBXBuildFile; fileRef = 1D3EFDE229994751006CD67F /* ArticlesTableViewController.swift */; };
		1D45493F2996E775009589C2 /* PersistedArticleModel+CoreDataClass.swift in Sources */ = {isa = PBXBuildFile; fileRef = 1D45493D2996E775009589C2 /* PersistedArticleModel+CoreDataClass.swift */; };
		1D5B21BF2991756300D842EF /* AppDelegate.swift in Sources */ = {isa = PBXBuildFile; fileRef = 1D5B21BE2991756300D842EF /* AppDelegate.swift */; };
		1D5B21C12991756300D842EF /* SceneDelegate.swift in Sources */ = {isa = PBXBuildFile; fileRef = 1D5B21C02991756300D842EF /* SceneDelegate.swift */; };
		1D5B21C92991756300D842EF /* NYTimesAPI.xcdatamodeld in Sources */ = {isa = PBXBuildFile; fileRef = 1D5B21C72991756300D842EF /* NYTimesAPI.xcdatamodeld */; };
		1D5B21CB2991756400D842EF /* Assets.xcassets in Resources */ = {isa = PBXBuildFile; fileRef = 1D5B21CA2991756400D842EF /* Assets.xcassets */; };
		1D66534B2998FB0400A7D90F /* ArticlesNetworkService.swift in Sources */ = {isa = PBXBuildFile; fileRef = 1D66534A2998FB0400A7D90F /* ArticlesNetworkService.swift */; };
		1D66534F2999144600A7D90F /* ArticlesStoryboard.storyboard in Resources */ = {isa = PBXBuildFile; fileRef = 1D66534E2999144600A7D90F /* ArticlesStoryboard.storyboard */; };
		1D665351299914E800A7D90F /* ArticleDetailViewController.swift in Sources */ = {isa = PBXBuildFile; fileRef = 1D665350299914E800A7D90F /* ArticleDetailViewController.swift */; };
		1D6653532999155900A7D90F /* ArticleDetailViewModel.swift in Sources */ = {isa = PBXBuildFile; fileRef = 1D6653522999155900A7D90F /* ArticleDetailViewModel.swift */; };
		1D6653552999163700A7D90F /* UITableViewExtension.swift in Sources */ = {isa = PBXBuildFile; fileRef = 1D6653542999163700A7D90F /* UITableViewExtension.swift */; };
		1DA22C0F29A0E071004534C9 /* UIBuilderRootViewController.swift in Sources */ = {isa = PBXBuildFile; fileRef = 1DA22C0E29A0E071004534C9 /* UIBuilderRootViewController.swift */; };
		1DA22C1129A10DF8004534C9 /* SharedServices.swift in Sources */ = {isa = PBXBuildFile; fileRef = 1DA22C1029A10DF8004534C9 /* SharedServices.swift */; };
		1DDE1B172998D9A600D73601 /* ArticleRequestResponse.swift in Sources */ = {isa = PBXBuildFile; fileRef = 1DDE1B162998D9A600D73601 /* ArticleRequestResponse.swift */; };
		C515F92324A9CB9AE309D795 /* Pods_NYTimesAPI.framework in Frameworks */ = {isa = PBXBuildFile; fileRef = A707699D7E00ABB454A56E77 /* Pods_NYTimesAPI.framework */; };
/* End PBXBuildFile section */

/* Begin PBXFileReference section */
		1D27E3BB2994F50800561793 /* ArticleModel.swift */ = {isa = PBXFileReference; lastKnownFileType = sourcecode.swift; path = ArticleModel.swift; sourceTree = "<group>"; };
		1D3685452991A81A0026959E /* ArticleTableViewCell.swift */ = {isa = PBXFileReference; lastKnownFileType = sourcecode.swift; path = ArticleTableViewCell.swift; sourceTree = "<group>"; };
		1D3685462991A81A0026959E /* ArticleTableViewCell.xib */ = {isa = PBXFileReference; lastKnownFileType = file.xib; path = ArticleTableViewCell.xib; sourceTree = "<group>"; };
		1D368558299282A80026959E /* LoadingTableViewCell.xib */ = {isa = PBXFileReference; lastKnownFileType = file.xib; path = LoadingTableViewCell.xib; sourceTree = "<group>"; };
		1D3685632992A1240026959E /* FavouriteArticlesStoryboard.storyboard */ = {isa = PBXFileReference; lastKnownFileType = file.storyboard; path = FavouriteArticlesStoryboard.storyboard; sourceTree = "<group>"; };
		1D3685652992A1A90026959E /* FavouritesTableViewController.swift */ = {isa = PBXFileReference; lastKnownFileType = sourcecode.swift; path = FavouritesTableViewController.swift; sourceTree = "<group>"; };
		1D3685672992A3970026959E /* FavouriteArticlesViewModel.swift */ = {isa = PBXFileReference; lastKnownFileType = sourcecode.swift; path = FavouriteArticlesViewModel.swift; sourceTree = "<group>"; };
		1D36856B2992A98D0026959E /* EmptyTableViewCell.xib */ = {isa = PBXFileReference; lastKnownFileType = file.xib; path = EmptyTableViewCell.xib; sourceTree = "<group>"; };
		1D36858129943BFB0026959E /* CacheService.swift */ = {isa = PBXFileReference; lastKnownFileType = sourcecode.swift; path = CacheService.swift; sourceTree = "<group>"; };
		1D3EFDDC29992424006CD67F /* Launch Screen.storyboard */ = {isa = PBXFileReference; lastKnownFileType = file.storyboard; path = "Launch Screen.storyboard"; sourceTree = "<group>"; };
		1D3EFDE029993603006CD67F /* ArticlesViewModel.swift */ = {isa = PBXFileReference; lastKnownFileType = sourcecode.swift; path = ArticlesViewModel.swift; sourceTree = "<group>"; };
		1D3EFDE229994751006CD67F /* ArticlesTableViewController.swift */ = {isa = PBXFileReference; lastKnownFileType = sourcecode.swift; path = ArticlesTableViewController.swift; sourceTree = "<group>"; };
		1D45493D2996E775009589C2 /* PersistedArticleModel+CoreDataClass.swift */ = {isa = PBXFileReference; lastKnownFileType = sourcecode.swift; path = "PersistedArticleModel+CoreDataClass.swift"; sourceTree = "<group>"; };
		1D5B21BB2991756300D842EF /* NYTimesAPI.app */ = {isa = PBXFileReference; explicitFileType = wrapper.application; includeInIndex = 0; path = NYTimesAPI.app; sourceTree = BUILT_PRODUCTS_DIR; };
		1D5B21BE2991756300D842EF /* AppDelegate.swift */ = {isa = PBXFileReference; lastKnownFileType = sourcecode.swift; path = AppDelegate.swift; sourceTree = "<group>"; };
		1D5B21C02991756300D842EF /* SceneDelegate.swift */ = {isa = PBXFileReference; lastKnownFileType = sourcecode.swift; path = SceneDelegate.swift; sourceTree = "<group>"; };
		1D5B21C82991756300D842EF /* NYTimesAPI.xcdatamodel */ = {isa = PBXFileReference; lastKnownFileType = wrapper.xcdatamodel; path = NYTimesAPI.xcdatamodel; sourceTree = "<group>"; };
		1D5B21CA2991756400D842EF /* Assets.xcassets */ = {isa = PBXFileReference; lastKnownFileType = folder.assetcatalog; path = Assets.xcassets; sourceTree = "<group>"; };
		1D5B21CF2991756400D842EF /* Info.plist */ = {isa = PBXFileReference; lastKnownFileType = text.plist.xml; path = Info.plist; sourceTree = "<group>"; };
		1D66534A2998FB0400A7D90F /* ArticlesNetworkService.swift */ = {isa = PBXFileReference; lastKnownFileType = sourcecode.swift; path = ArticlesNetworkService.swift; sourceTree = "<group>"; };
		1D66534E2999144600A7D90F /* ArticlesStoryboard.storyboard */ = {isa = PBXFileReference; lastKnownFileType = file.storyboard; path = ArticlesStoryboard.storyboard; sourceTree = "<group>"; };
		1D665350299914E800A7D90F /* ArticleDetailViewController.swift */ = {isa = PBXFileReference; lastKnownFileType = sourcecode.swift; path = ArticleDetailViewController.swift; sourceTree = "<group>"; };
		1D6653522999155900A7D90F /* ArticleDetailViewModel.swift */ = {isa = PBXFileReference; lastKnownFileType = sourcecode.swift; path = ArticleDetailViewModel.swift; sourceTree = "<group>"; };
		1D6653542999163700A7D90F /* UITableViewExtension.swift */ = {isa = PBXFileReference; lastKnownFileType = sourcecode.swift; path = UITableViewExtension.swift; sourceTree = "<group>"; };
		1DA22C0E29A0E071004534C9 /* UIBuilderRootViewController.swift */ = {isa = PBXFileReference; lastKnownFileType = sourcecode.swift; path = UIBuilderRootViewController.swift; sourceTree = "<group>"; };
		1DA22C1029A10DF8004534C9 /* SharedServices.swift */ = {isa = PBXFileReference; lastKnownFileType = sourcecode.swift; path = SharedServices.swift; sourceTree = "<group>"; };
		1DDE1B162998D9A600D73601 /* ArticleRequestResponse.swift */ = {isa = PBXFileReference; lastKnownFileType = sourcecode.swift; path = ArticleRequestResponse.swift; sourceTree = "<group>"; };
		62D3D8636B271A417ADA27DF /* Pods-NYTimesAPI.release.xcconfig */ = {isa = PBXFileReference; includeInIndex = 1; lastKnownFileType = text.xcconfig; name = "Pods-NYTimesAPI.release.xcconfig"; path = "Target Support Files/Pods-NYTimesAPI/Pods-NYTimesAPI.release.xcconfig"; sourceTree = "<group>"; };
		A707699D7E00ABB454A56E77 /* Pods_NYTimesAPI.framework */ = {isa = PBXFileReference; explicitFileType = wrapper.framework; includeInIndex = 0; path = Pods_NYTimesAPI.framework; sourceTree = BUILT_PRODUCTS_DIR; };
		B41337F41EA1253BAD61A38A /* Pods-NYTimesAPI.debug.xcconfig */ = {isa = PBXFileReference; includeInIndex = 1; lastKnownFileType = text.xcconfig; name = "Pods-NYTimesAPI.debug.xcconfig"; path = "Target Support Files/Pods-NYTimesAPI/Pods-NYTimesAPI.debug.xcconfig"; sourceTree = "<group>"; };
/* End PBXFileReference section */

/* Begin PBXFrameworksBuildPhase section */
		1D5B21B82991756300D842EF /* Frameworks */ = {
			isa = PBXFrameworksBuildPhase;
			buildActionMask = 2147483647;
			files = (
				C515F92324A9CB9AE309D795 /* Pods_NYTimesAPI.framework in Frameworks */,
			);
			runOnlyForDeploymentPostprocessing = 0;
		};
/* End PBXFrameworksBuildPhase section */

/* Begin PBXGroup section */
		13FDDEB9D0328056A8B4A287 /* Frameworks */ = {
			isa = PBXGroup;
			children = (
				A707699D7E00ABB454A56E77 /* Pods_NYTimesAPI.framework */,
			);
			name = Frameworks;
			sourceTree = "<group>";
		};
		1D27E3BA2994F49900561793 /* Models */ = {
			isa = PBXGroup;
			children = (
				1D27E3BB2994F50800561793 /* ArticleModel.swift */,
			);
			path = Models;
			sourceTree = "<group>";
		};
		1D368529299190480026959E /* Sources */ = {
			isa = PBXGroup;
			children = (
				1DDE1B182998EA3500D73601 /* App */,
				1D66534C299913F100A7D90F /* Common */,
				1D27E3BA2994F49900561793 /* Models */,
				1DDE1B122998D1E800D73601 /* Services */,
				1D5B21BD2991756300D842EF /* Features */,
			);
			path = Sources;
			sourceTree = "<group>";
		};
		1D36852A2991905B0026959E /* Resources */ = {
			isa = PBXGroup;
			children = (
				1D3EFDDE2999255B006CD67F /* Storyboards */,
				1D3685442991A55B0026959E /* Nibs */,
				1D5B21CA2991756400D842EF /* Assets.xcassets */,
				1D5B21CF2991756400D842EF /* Info.plist */,
			);
			path = Resources;
			sourceTree = "<group>";
		};
		1D3685442991A55B0026959E /* Nibs */ = {
			isa = PBXGroup;
			children = (
				1D3685452991A81A0026959E /* ArticleTableViewCell.swift */,
				1D3685462991A81A0026959E /* ArticleTableViewCell.xib */,
				1D368558299282A80026959E /* LoadingTableViewCell.xib */,
				1D36856B2992A98D0026959E /* EmptyTableViewCell.xib */,
			);
			path = Nibs;
			sourceTree = "<group>";
		};
		1D3685622992A0BE0026959E /* FavouriteArticlesTable */ = {
			isa = PBXGroup;
			children = (
				1D3685632992A1240026959E /* FavouriteArticlesStoryboard.storyboard */,
				1D3685652992A1A90026959E /* FavouritesTableViewController.swift */,
				1D3685672992A3970026959E /* FavouriteArticlesViewModel.swift */,
			);
			path = FavouriteArticlesTable;
			sourceTree = "<group>";
		};
		1D3EFDDE2999255B006CD67F /* Storyboards */ = {
			isa = PBXGroup;
			children = (
				1D3EFDDC29992424006CD67F /* Launch Screen.storyboard */,
			);
			path = Storyboards;
			sourceTree = "<group>";
		};
		1D3EFDE5299A2CCB006CD67F /* ArticlesTable */ = {
			isa = PBXGroup;
			children = (
				1D66534E2999144600A7D90F /* ArticlesStoryboard.storyboard */,
				1D3EFDE229994751006CD67F /* ArticlesTableViewController.swift */,
				1D3EFDE029993603006CD67F /* ArticlesViewModel.swift */,
			);
			path = ArticlesTable;
			sourceTree = "<group>";
		};
		1D5B21B22991756300D842EF = {
			isa = PBXGroup;
			children = (
				1D368529299190480026959E /* Sources */,
				1D36852A2991905B0026959E /* Resources */,
				1D5B21BC2991756300D842EF /* Products */,
				A51B5ACF51197C6F2ACA7714 /* Pods */,
				13FDDEB9D0328056A8B4A287 /* Frameworks */,
			);
			sourceTree = "<group>";
		};
		1D5B21BC2991756300D842EF /* Products */ = {
			isa = PBXGroup;
			children = (
				1D5B21BB2991756300D842EF /* NYTimesAPI.app */,
			);
			name = Products;
			sourceTree = "<group>";
		};
		1D5B21BD2991756300D842EF /* Features */ = {
			isa = PBXGroup;
			children = (
				1D3EFDE5299A2CCB006CD67F /* ArticlesTable */,
				1D3685622992A0BE0026959E /* FavouriteArticlesTable */,
				1D66534D2999140400A7D90F /* ArticlesDetailScreen */,
			);
			path = Features;
			sourceTree = "<group>";
		};
		1D66534C299913F100A7D90F /* Common */ = {
			isa = PBXGroup;
			children = (
				1DA22C0E29A0E071004534C9 /* UIBuilderRootViewController.swift */,
				1DA22C1029A10DF8004534C9 /* SharedServices.swift */,
				1D6653562999163F00A7D90F /* Extensions */,
			);
			path = Common;
			sourceTree = "<group>";
		};
		1D66534D2999140400A7D90F /* ArticlesDetailScreen */ = {
			isa = PBXGroup;
			children = (
				1D665350299914E800A7D90F /* ArticleDetailViewController.swift */,
				1D6653522999155900A7D90F /* ArticleDetailViewModel.swift */,
			);
			path = ArticlesDetailScreen;
			sourceTree = "<group>";
		};
		1D6653562999163F00A7D90F /* Extensions */ = {
			isa = PBXGroup;
			children = (
				1D6653542999163700A7D90F /* UITableViewExtension.swift */,
			);
			path = Extensions;
			sourceTree = "<group>";
		};
		1DDE1B122998D1E800D73601 /* Services */ = {
			isa = PBXGroup;
			children = (
				1DDE1B152998D91B00D73601 /* NetworkService */,
				1DDE1B142998D90A00D73601 /* CacheService */,
				1DDE1B132998D1F900D73601 /* CoreData */,
			);
			path = Services;
			sourceTree = "<group>";
		};
		1DDE1B132998D1F900D73601 /* CoreData */ = {
			isa = PBXGroup;
			children = (
				1D45493D2996E775009589C2 /* PersistedArticleModel+CoreDataClass.swift */,
				1D5B21C72991756300D842EF /* NYTimesAPI.xcdatamodeld */,
			);
			path = CoreData;
			sourceTree = "<group>";
		};
		1DDE1B142998D90A00D73601 /* CacheService */ = {
			isa = PBXGroup;
			children = (
				1D36858129943BFB0026959E /* CacheService.swift */,
			);
			path = CacheService;
			sourceTree = "<group>";
		};
		1DDE1B152998D91B00D73601 /* NetworkService */ = {
			isa = PBXGroup;
			children = (
				1D66534A2998FB0400A7D90F /* ArticlesNetworkService.swift */,
				1DDE1B162998D9A600D73601 /* ArticleRequestResponse.swift */,
			);
			path = NetworkService;
			sourceTree = "<group>";
		};
		1DDE1B182998EA3500D73601 /* App */ = {
			isa = PBXGroup;
			children = (
				1D5B21BE2991756300D842EF /* AppDelegate.swift */,
				1D5B21C02991756300D842EF /* SceneDelegate.swift */,
			);
			path = App;
			sourceTree = "<group>";
		};
		A51B5ACF51197C6F2ACA7714 /* Pods */ = {
			isa = PBXGroup;
			children = (
				B41337F41EA1253BAD61A38A /* Pods-NYTimesAPI.debug.xcconfig */,
				62D3D8636B271A417ADA27DF /* Pods-NYTimesAPI.release.xcconfig */,
			);
			path = Pods;
			sourceTree = "<group>";
		};
/* End PBXGroup section */

/* Begin PBXNativeTarget section */
		1D5B21BA2991756300D842EF /* NYTimesAPI */ = {
			isa = PBXNativeTarget;
			buildConfigurationList = 1D5B21D22991756400D842EF /* Build configuration list for PBXNativeTarget "NYTimesAPI" */;
			buildPhases = (
				9237D86B101E7CE036434910 /* [CP] Check Pods Manifest.lock */,
				1D5B21B72991756300D842EF /* Sources */,
				1D5B21B82991756300D842EF /* Frameworks */,
				1D5B21B92991756300D842EF /* Resources */,
				D7658F46955B08439FA0986B /* [CP] Embed Pods Frameworks */,
			);
			buildRules = (
			);
			dependencies = (
			);
			name = NYTimesAPI;
			productName = NYTimesAPI;
			productReference = 1D5B21BB2991756300D842EF /* NYTimesAPI.app */;
			productType = "com.apple.product-type.application";
		};
/* End PBXNativeTarget section */

/* Begin PBXProject section */
		1D5B21B32991756300D842EF /* Project object */ = {
			isa = PBXProject;
			attributes = {
				BuildIndependentTargetsInParallel = 1;
				LastSwiftUpdateCheck = 1420;
				LastUpgradeCheck = 1420;
				TargetAttributes = {
					1D5B21BA2991756300D842EF = {
						CreatedOnToolsVersion = 14.2;
					};
				};
			};
			buildConfigurationList = 1D5B21B62991756300D842EF /* Build configuration list for PBXProject "NYTimesAPI" */;
			compatibilityVersion = "Xcode 14.0";
			developmentRegion = en;
			hasScannedForEncodings = 0;
			knownRegions = (
				en,
				Base,
			);
			mainGroup = 1D5B21B22991756300D842EF;
			productRefGroup = 1D5B21BC2991756300D842EF /* Products */;
			projectDirPath = "";
			projectRoot = "";
			targets = (
				1D5B21BA2991756300D842EF /* NYTimesAPI */,
			);
		};
/* End PBXProject section */

/* Begin PBXResourcesBuildPhase section */
		1D5B21B92991756300D842EF /* Resources */ = {
			isa = PBXResourcesBuildPhase;
			buildActionMask = 2147483647;
			files = (
				1D3685482991A81A0026959E /* ArticleTableViewCell.xib in Resources */,
				1D36856C2992A98D0026959E /* EmptyTableViewCell.xib in Resources */,
				1D5B21CB2991756400D842EF /* Assets.xcassets in Resources */,
				1D3685642992A1240026959E /* FavouriteArticlesStoryboard.storyboard in Resources */,
				1D368559299282A80026959E /* LoadingTableViewCell.xib in Resources */,
				1D66534F2999144600A7D90F /* ArticlesStoryboard.storyboard in Resources */,
				1D3EFDDD29992424006CD67F /* Launch Screen.storyboard in Resources */,
			);
			runOnlyForDeploymentPostprocessing = 0;
		};
/* End PBXResourcesBuildPhase section */

/* Begin PBXShellScriptBuildPhase section */
		9237D86B101E7CE036434910 /* [CP] Check Pods Manifest.lock */ = {
			isa = PBXShellScriptBuildPhase;
			buildActionMask = 2147483647;
			files = (
			);
			inputFileListPaths = (
			);
			inputPaths = (
				"${PODS_PODFILE_DIR_PATH}/Podfile.lock",
				"${PODS_ROOT}/Manifest.lock",
			);
			name = "[CP] Check Pods Manifest.lock";
			outputFileListPaths = (
			);
			outputPaths = (
				"$(DERIVED_FILE_DIR)/Pods-NYTimesAPI-checkManifestLockResult.txt",
			);
			runOnlyForDeploymentPostprocessing = 0;
			shellPath = /bin/sh;
			shellScript = "diff \"${PODS_PODFILE_DIR_PATH}/Podfile.lock\" \"${PODS_ROOT}/Manifest.lock\" > /dev/null\nif [ $? != 0 ] ; then\n    # print error to STDERR\n    echo \"error: The sandbox is not in sync with the Podfile.lock. Run 'pod install' or update your CocoaPods installation.\" >&2\n    exit 1\nfi\n# This output is used by Xcode 'outputs' to avoid re-running this script phase.\necho \"SUCCESS\" > \"${SCRIPT_OUTPUT_FILE_0}\"\n";
			showEnvVarsInLog = 0;
		};
		D7658F46955B08439FA0986B /* [CP] Embed Pods Frameworks */ = {
			isa = PBXShellScriptBuildPhase;
			buildActionMask = 2147483647;
			files = (
			);
			inputFileListPaths = (
				"${PODS_ROOT}/Target Support Files/Pods-NYTimesAPI/Pods-NYTimesAPI-frameworks-${CONFIGURATION}-input-files.xcfilelist",
			);
			name = "[CP] Embed Pods Frameworks";
			outputFileListPaths = (
				"${PODS_ROOT}/Target Support Files/Pods-NYTimesAPI/Pods-NYTimesAPI-frameworks-${CONFIGURATION}-output-files.xcfilelist",
			);
			runOnlyForDeploymentPostprocessing = 0;
			shellPath = /bin/sh;
			shellScript = "\"${PODS_ROOT}/Target Support Files/Pods-NYTimesAPI/Pods-NYTimesAPI-frameworks.sh\"\n";
			showEnvVarsInLog = 0;
		};
/* End PBXShellScriptBuildPhase section */

/* Begin PBXSourcesBuildPhase section */
		1D5B21B72991756300D842EF /* Sources */ = {
			isa = PBXSourcesBuildPhase;
			buildActionMask = 2147483647;
			files = (
				1D6653532999155900A7D90F /* ArticleDetailViewModel.swift in Sources */,
				1D3685662992A1A90026959E /* FavouritesTableViewController.swift in Sources */,
				1DDE1B172998D9A600D73601 /* ArticleRequestResponse.swift in Sources */,
				1D45493F2996E775009589C2 /* PersistedArticleModel+CoreDataClass.swift in Sources */,
				1D66534B2998FB0400A7D90F /* ArticlesNetworkService.swift in Sources */,
				1DA22C0F29A0E071004534C9 /* UIBuilderRootViewController.swift in Sources */,
				1D665351299914E800A7D90F /* ArticleDetailViewController.swift in Sources */,
				1D27E3BC2994F50800561793 /* ArticleModel.swift in Sources */,
				1D3685682992A3970026959E /* FavouriteArticlesViewModel.swift in Sources */,
				1D3EFDE329994751006CD67F /* ArticlesTableViewController.swift in Sources */,
				1DA22C1129A10DF8004534C9 /* SharedServices.swift in Sources */,
				1D3EFDE129993603006CD67F /* ArticlesViewModel.swift in Sources */,
				1D5B21BF2991756300D842EF /* AppDelegate.swift in Sources */,
				1D6653552999163700A7D90F /* UITableViewExtension.swift in Sources */,
				1D5B21C92991756300D842EF /* NYTimesAPI.xcdatamodeld in Sources */,
				1D36858229943BFB0026959E /* CacheService.swift in Sources */,
				1D5B21C12991756300D842EF /* SceneDelegate.swift in Sources */,
				1D3685472991A81A0026959E /* ArticleTableViewCell.swift in Sources */,
			);
			runOnlyForDeploymentPostprocessing = 0;
		};
/* End PBXSourcesBuildPhase section */

/* Begin XCBuildConfiguration section */
		1D5B21D02991756400D842EF /* Debug */ = {
			isa = XCBuildConfiguration;
			buildSettings = {
				ALWAYS_SEARCH_USER_PATHS = NO;
				CLANG_ANALYZER_NONNULL = YES;
				CLANG_ANALYZER_NUMBER_OBJECT_CONVERSION = YES_AGGRESSIVE;
				CLANG_CXX_LANGUAGE_STANDARD = "gnu++20";
				CLANG_ENABLE_MODULES = YES;
				CLANG_ENABLE_OBJC_ARC = YES;
				CLANG_ENABLE_OBJC_WEAK = YES;
				CLANG_WARN_BLOCK_CAPTURE_AUTORELEASING = YES;
				CLANG_WARN_BOOL_CONVERSION = YES;
				CLANG_WARN_COMMA = YES;
				CLANG_WARN_CONSTANT_CONVERSION = YES;
				CLANG_WARN_DEPRECATED_OBJC_IMPLEMENTATIONS = YES;
				CLANG_WARN_DIRECT_OBJC_ISA_USAGE = YES_ERROR;
				CLANG_WARN_DOCUMENTATION_COMMENTS = YES;
				CLANG_WARN_EMPTY_BODY = YES;
				CLANG_WARN_ENUM_CONVERSION = YES;
				CLANG_WARN_INFINITE_RECURSION = YES;
				CLANG_WARN_INT_CONVERSION = YES;
				CLANG_WARN_NON_LITERAL_NULL_CONVERSION = YES;
				CLANG_WARN_OBJC_IMPLICIT_RETAIN_SELF = YES;
				CLANG_WARN_OBJC_LITERAL_CONVERSION = YES;
				CLANG_WARN_OBJC_ROOT_CLASS = YES_ERROR;
				CLANG_WARN_QUOTED_INCLUDE_IN_FRAMEWORK_HEADER = YES;
				CLANG_WARN_RANGE_LOOP_ANALYSIS = YES;
				CLANG_WARN_STRICT_PROTOTYPES = YES;
				CLANG_WARN_SUSPICIOUS_MOVE = YES;
				CLANG_WARN_UNGUARDED_AVAILABILITY = YES_AGGRESSIVE;
				CLANG_WARN_UNREACHABLE_CODE = YES;
				CLANG_WARN__DUPLICATE_METHOD_MATCH = YES;
				COPY_PHASE_STRIP = NO;
				DEBUG_INFORMATION_FORMAT = dwarf;
				ENABLE_STRICT_OBJC_MSGSEND = YES;
				ENABLE_TESTABILITY = YES;
				GCC_C_LANGUAGE_STANDARD = gnu11;
				GCC_DYNAMIC_NO_PIC = NO;
				GCC_NO_COMMON_BLOCKS = YES;
				GCC_OPTIMIZATION_LEVEL = 0;
				GCC_PREPROCESSOR_DEFINITIONS = (
					"DEBUG=1",
					"$(inherited)",
				);
				GCC_WARN_64_TO_32_BIT_CONVERSION = YES;
				GCC_WARN_ABOUT_RETURN_TYPE = YES_ERROR;
				GCC_WARN_UNDECLARED_SELECTOR = YES;
				GCC_WARN_UNINITIALIZED_AUTOS = YES_AGGRESSIVE;
				GCC_WARN_UNUSED_FUNCTION = YES;
				GCC_WARN_UNUSED_VARIABLE = YES;
				IPHONEOS_DEPLOYMENT_TARGET = 16.2;
				MTL_ENABLE_DEBUG_INFO = INCLUDE_SOURCE;
				MTL_FAST_MATH = YES;
				ONLY_ACTIVE_ARCH = YES;
				SDKROOT = iphoneos;
				SWIFT_ACTIVE_COMPILATION_CONDITIONS = DEBUG;
				SWIFT_OPTIMIZATION_LEVEL = "-Onone";
			};
			name = Debug;
		};
		1D5B21D12991756400D842EF /* Release */ = {
			isa = XCBuildConfiguration;
			buildSettings = {
				ALWAYS_SEARCH_USER_PATHS = NO;
				CLANG_ANALYZER_NONNULL = YES;
				CLANG_ANALYZER_NUMBER_OBJECT_CONVERSION = YES_AGGRESSIVE;
				CLANG_CXX_LANGUAGE_STANDARD = "gnu++20";
				CLANG_ENABLE_MODULES = YES;
				CLANG_ENABLE_OBJC_ARC = YES;
				CLANG_ENABLE_OBJC_WEAK = YES;
				CLANG_WARN_BLOCK_CAPTURE_AUTORELEASING = YES;
				CLANG_WARN_BOOL_CONVERSION = YES;
				CLANG_WARN_COMMA = YES;
				CLANG_WARN_CONSTANT_CONVERSION = YES;
				CLANG_WARN_DEPRECATED_OBJC_IMPLEMENTATIONS = YES;
				CLANG_WARN_DIRECT_OBJC_ISA_USAGE = YES_ERROR;
				CLANG_WARN_DOCUMENTATION_COMMENTS = YES;
				CLANG_WARN_EMPTY_BODY = YES;
				CLANG_WARN_ENUM_CONVERSION = YES;
				CLANG_WARN_INFINITE_RECURSION = YES;
				CLANG_WARN_INT_CONVERSION = YES;
				CLANG_WARN_NON_LITERAL_NULL_CONVERSION = YES;
				CLANG_WARN_OBJC_IMPLICIT_RETAIN_SELF = YES;
				CLANG_WARN_OBJC_LITERAL_CONVERSION = YES;
				CLANG_WARN_OBJC_ROOT_CLASS = YES_ERROR;
				CLANG_WARN_QUOTED_INCLUDE_IN_FRAMEWORK_HEADER = YES;
				CLANG_WARN_RANGE_LOOP_ANALYSIS = YES;
				CLANG_WARN_STRICT_PROTOTYPES = YES;
				CLANG_WARN_SUSPICIOUS_MOVE = YES;
				CLANG_WARN_UNGUARDED_AVAILABILITY = YES_AGGRESSIVE;
				CLANG_WARN_UNREACHABLE_CODE = YES;
				CLANG_WARN__DUPLICATE_METHOD_MATCH = YES;
				COPY_PHASE_STRIP = NO;
				DEBUG_INFORMATION_FORMAT = "dwarf-with-dsym";
				ENABLE_NS_ASSERTIONS = NO;
				ENABLE_STRICT_OBJC_MSGSEND = YES;
				GCC_C_LANGUAGE_STANDARD = gnu11;
				GCC_NO_COMMON_BLOCKS = YES;
				GCC_WARN_64_TO_32_BIT_CONVERSION = YES;
				GCC_WARN_ABOUT_RETURN_TYPE = YES_ERROR;
				GCC_WARN_UNDECLARED_SELECTOR = YES;
				GCC_WARN_UNINITIALIZED_AUTOS = YES_AGGRESSIVE;
				GCC_WARN_UNUSED_FUNCTION = YES;
				GCC_WARN_UNUSED_VARIABLE = YES;
				IPHONEOS_DEPLOYMENT_TARGET = 16.2;
				MTL_ENABLE_DEBUG_INFO = NO;
				MTL_FAST_MATH = YES;
				SDKROOT = iphoneos;
				SWIFT_COMPILATION_MODE = wholemodule;
				SWIFT_OPTIMIZATION_LEVEL = "-O";
				VALIDATE_PRODUCT = YES;
			};
			name = Release;
		};
		1D5B21D32991756400D842EF /* Debug */ = {
			isa = XCBuildConfiguration;
			baseConfigurationReference = B41337F41EA1253BAD61A38A /* Pods-NYTimesAPI.debug.xcconfig */;
			buildSettings = {
				ASSETCATALOG_COMPILER_APPICON_NAME = AppIcon;
				ASSETCATALOG_COMPILER_GLOBAL_ACCENT_COLOR_NAME = AccentColor;
				CODE_SIGN_STYLE = Automatic;
				CURRENT_PROJECT_VERSION = 1;
				DEVELOPMENT_TEAM = CHL34W9FC3;
				GENERATE_INFOPLIST_FILE = YES;
				INFOPLIST_FILE = Resources/Info.plist;
				INFOPLIST_KEY_UIApplicationSupportsIndirectInputEvents = YES;
				INFOPLIST_KEY_UILaunchStoryboardName = "Launch Screen.storyboard";
				INFOPLIST_KEY_UIMainStoryboardFile = ArticlesStoryboard;
				INFOPLIST_KEY_UISupportedInterfaceOrientations = UIInterfaceOrientationPortrait;
				INFOPLIST_KEY_UISupportedInterfaceOrientations_iPad = "UIInterfaceOrientationLandscapeLeft UIInterfaceOrientationLandscapeRight UIInterfaceOrientationPortrait UIInterfaceOrientationPortraitUpsideDown";
				IPHONEOS_DEPLOYMENT_TARGET = 14.2;
				LD_RUNPATH_SEARCH_PATHS = (
					"$(inherited)",
					"@executable_path/Frameworks",
				);
				MARKETING_VERSION = 1.0;
				PRODUCT_BUNDLE_IDENTIFIER = hello.NYTimesAPI;
				PRODUCT_NAME = "$(TARGET_NAME)";
				SUPPORTED_PLATFORMS = "iphoneos iphonesimulator";
				SUPPORTS_MACCATALYST = NO;
				SUPPORTS_MAC_DESIGNED_FOR_IPHONE_IPAD = YES;
				SWIFT_EMIT_LOC_STRINGS = YES;
				SWIFT_VERSION = 5.0;
				TARGETED_DEVICE_FAMILY = 1;
			};
			name = Debug;
		};
		1D5B21D42991756400D842EF /* Release */ = {
			isa = XCBuildConfiguration;
			baseConfigurationReference = 62D3D8636B271A417ADA27DF /* Pods-NYTimesAPI.release.xcconfig */;
			buildSettings = {
				ASSETCATALOG_COMPILER_APPICON_NAME = AppIcon;
				ASSETCATALOG_COMPILER_GLOBAL_ACCENT_COLOR_NAME = AccentColor;
				CODE_SIGN_STYLE = Automatic;
				CURRENT_PROJECT_VERSION = 1;
				DEVELOPMENT_TEAM = CHL34W9FC3;
				GENERATE_INFOPLIST_FILE = YES;
				INFOPLIST_FILE = Resources/Info.plist;
				INFOPLIST_KEY_UIApplicationSupportsIndirectInputEvents = YES;
				INFOPLIST_KEY_UILaunchStoryboardName = "Launch Screen.storyboard";
				INFOPLIST_KEY_UIMainStoryboardFile = ArticlesStoryboard;
				INFOPLIST_KEY_UISupportedInterfaceOrientations = UIInterfaceOrientationPortrait;
				INFOPLIST_KEY_UISupportedInterfaceOrientations_iPad = "UIInterfaceOrientationLandscapeLeft UIInterfaceOrientationLandscapeRight UIInterfaceOrientationPortrait UIInterfaceOrientationPortraitUpsideDown";
				IPHONEOS_DEPLOYMENT_TARGET = 14.2;
				LD_RUNPATH_SEARCH_PATHS = (
					"$(inherited)",
					"@executable_path/Frameworks",
				);
				MARKETING_VERSION = 1.0;
				PRODUCT_BUNDLE_IDENTIFIER = hello.NYTimesAPI;
				PRODUCT_NAME = "$(TARGET_NAME)";
				SUPPORTED_PLATFORMS = "iphoneos iphonesimulator";
				SUPPORTS_MACCATALYST = NO;
				SUPPORTS_MAC_DESIGNED_FOR_IPHONE_IPAD = YES;
				SWIFT_EMIT_LOC_STRINGS = YES;
				SWIFT_VERSION = 5.0;
				TARGETED_DEVICE_FAMILY = 1;
			};
			name = Release;
		};
/* End XCBuildConfiguration section */

/* Begin XCConfigurationList section */
		1D5B21B62991756300D842EF /* Build configuration list for PBXProject "NYTimesAPI" */ = {
			isa = XCConfigurationList;
			buildConfigurations = (
				1D5B21D02991756400D842EF /* Debug */,
				1D5B21D12991756400D842EF /* Release */,
			);
			defaultConfigurationIsVisible = 0;
			defaultConfigurationName = Release;
		};
		1D5B21D22991756400D842EF /* Build configuration list for PBXNativeTarget "NYTimesAPI" */ = {
			isa = XCConfigurationList;
			buildConfigurations = (
				1D5B21D32991756400D842EF /* Debug */,
				1D5B21D42991756400D842EF /* Release */,
			);
			defaultConfigurationIsVisible = 0;
			defaultConfigurationName = Release;
		};
/* End XCConfigurationList section */

/* Begin XCVersionGroup section */
		1D5B21C72991756300D842EF /* NYTimesAPI.xcdatamodeld */ = {
			isa = XCVersionGroup;
			children = (
				1D5B21C82991756300D842EF /* NYTimesAPI.xcdatamodel */,
			);
			currentVersion = 1D5B21C82991756300D842EF /* NYTimesAPI.xcdatamodel */;
			path = NYTimesAPI.xcdatamodeld;
			sourceTree = "<group>";
			versionGroupType = wrapper.xcdatamodel;
		};
/* End XCVersionGroup section */
	};
	rootObject = 1D5B21B32991756300D842EF /* Project object */;
}
